
Microsoft Visual Studio Solution File, Format Version 12.00
# Visual Studio 15
VisualStudioVersion = 15.0.28010.2016
MinimumVisualStudioVersion = 10.0.40219.1
Project("{FAE04EC0-301F-11D3-BF4B-00C04F79EFBC}") = "Site", "Site\Site.csproj", "{40EEC8BA-21CC-4415-81ED-D2033C7DBEBA}"
EndProject
Global
	GlobalSection(SolutionConfigurationPlatforms) = preSolution
		Debug|Any CPU = Debug|Any CPU
		Release|Any CPU = Release|Any CPU
	EndGlobalSection
	GlobalSection(ProjectConfigurationPlatforms) = postSolution
		{40EEC8BA-21CC-4415-81ED-D2033C7DBEBA}.Debug|Any CPU.ActiveCfg = Debug|Any CPU
		{40EEC8BA-21CC-4415-81ED-D2033C7DBEBA}.Debug|Any CPU.Build.0 = Debug|Any CPU
		{40EEC8BA-21CC-4415-81ED-D2033C7DBEBA}.Release|Any CPU.ActiveCfg = Release|Any CPU
		{40EEC8BA-21CC-4415-81ED-D2033C7DBEBA}.Release|Any CPU.Build.0 = Release|Any CPU
	EndGlobalSection
	GlobalSection(SolutionProperties) = preSolution
		HideSolutionNode = FALSE
	EndGlobalSection
	GlobalSection(ExtensibilityGlobals) = postSolution
		SolutionGuid = {1CB9387A-03FB-4A3F-B987-92D5B6FC58D0}
	EndGlobalSection
EndGlobal
